
Microsoft Visual Studio Solution File, Format Version 12.00
# Visual Studio Version 17
VisualStudioVersion = 17.9.34616.47
MinimumVisualStudioVersion = 10.0.40219.1
Project("{FAE04EC0-301F-11D3-BF4B-00C04F79EFBC}") = "project_1", "project_1\project_1.csproj", "{C9C01E3B-3D50-42D7-886A-68F0A273212B}"
EndProject
Global
	GlobalSection(SolutionConfigurationPlatforms) = preSolution
		Debug|Any CPU = Debug|Any CPU
		Release|Any CPU = Release|Any CPU
	EndGlobalSection
	GlobalSection(ProjectConfigurationPlatforms) = postSolution
		{C9C01E3B-3D50-42D7-886A-68F0A273212B}.Debug|Any CPU.ActiveCfg = Debug|Any CPU
		{C9C01E3B-3D50-42D7-886A-68F0A273212B}.Debug|Any CPU.Build.0 = Debug|Any CPU
		{C9C01E3B-3D50-42D7-886A-68F0A273212B}.Release|Any CPU.ActiveCfg = Release|Any CPU
		{C9C01E3B-3D50-42D7-886A-68F0A273212B}.Release|Any CPU.Build.0 = Release|Any CPU
	EndGlobalSection
	GlobalSection(SolutionProperties) = preSolution
		HideSolutionNode = FALSE
	EndGlobalSection
	GlobalSection(ExtensibilityGlobals) = postSolution
		SolutionGuid = {E81014D8-B57B-4243-8F83-E5C75E481C4E}
	EndGlobalSection
EndGlobal
